// !$*UTF8*$!
{
	archiveVersion = 1;
	classes = {
	};
	objectVersion = 50;
	objects = {

/* Begin PBXBuildFile section */
		564758EB269F4B62009C287A /* RecipeFinderApp.swift in Sources */ = {isa = PBXBuildFile; fileRef = 564758EA269F4B62009C287A /* RecipeFinderApp.swift */; };
		564758ED269F4B62009C287A /* ContentView.swift in Sources */ = {isa = PBXBuildFile; fileRef = 564758EC269F4B62009C287A /* ContentView.swift */; };
		564758EF269F4B62009C287A /* Assets.xcassets in Resources */ = {isa = PBXBuildFile; fileRef = 564758EE269F4B62009C287A /* Assets.xcassets */; };
		564758F2269F4B62009C287A /* Preview Assets.xcassets in Resources */ = {isa = PBXBuildFile; fileRef = 564758F1269F4B62009C287A /* Preview Assets.xcassets */; };
		564758FD269F4B62009C287A /* RecipeFinderTests.swift in Sources */ = {isa = PBXBuildFile; fileRef = 564758FC269F4B62009C287A /* RecipeFinderTests.swift */; };
		56475908269F4B62009C287A /* RecipeFinderUITests.swift in Sources */ = {isa = PBXBuildFile; fileRef = 56475907269F4B62009C287A /* RecipeFinderUITests.swift */; };
		5661025E2700897A004A23C2 /* FullScreenErrorView.swift in Sources */ = {isa = PBXBuildFile; fileRef = 5661025D2700897A004A23C2 /* FullScreenErrorView.swift */; };
		5663F5D126E8D30A0059D6A6 /* StoredRecipe.swift in Sources */ = {isa = PBXBuildFile; fileRef = 5663F5D026E8D30A0059D6A6 /* StoredRecipe.swift */; };
		5663F5D826E8DD2E0059D6A6 /* RecipesStoreManager.swift in Sources */ = {isa = PBXBuildFile; fileRef = 5663F5D726E8DD2E0059D6A6 /* RecipesStoreManager.swift */; };
		5663F5DA26E8DE360059D6A6 /* RecipesStore.swift in Sources */ = {isa = PBXBuildFile; fileRef = 5663F5D926E8DE360059D6A6 /* RecipesStore.swift */; };
		567980F826A41190006A5282 /* RecipesByIngredientsAPIRequest.swift in Sources */ = {isa = PBXBuildFile; fileRef = 567980F726A41190006A5282 /* RecipesByIngredientsAPIRequest.swift */; };
		567980FE26A4135B006A5282 /* RecipeByIngredientsAPIResponse.swift in Sources */ = {isa = PBXBuildFile; fileRef = 567980FD26A4135B006A5282 /* RecipeByIngredientsAPIResponse.swift */; };
		5679810026A4189D006A5282 /* BaseRequestProtocol.swift in Sources */ = {isa = PBXBuildFile; fileRef = 567980FF26A4189D006A5282 /* BaseRequestProtocol.swift */; };
		5679810226A43965006A5282 /* APIClient.swift in Sources */ = {isa = PBXBuildFile; fileRef = 5679810126A43965006A5282 /* APIClient.swift */; };
		5679810526A43C5A006A5282 /* SearchRecipesService.swift in Sources */ = {isa = PBXBuildFile; fileRef = 5679810426A43C5A006A5282 /* SearchRecipesService.swift */; };
		5679810826A43D5E006A5282 /* State.swift in Sources */ = {isa = PBXBuildFile; fileRef = 5679810726A43D5E006A5282 /* State.swift */; };
		5679810A26A43DDD006A5282 /* SearchRecipesViewModel.swift in Sources */ = {isa = PBXBuildFile; fileRef = 5679810926A43DDD006A5282 /* SearchRecipesViewModel.swift */; };
		5679810D26A43E83006A5282 /* String.swift in Sources */ = {isa = PBXBuildFile; fileRef = 5679810C26A43E83006A5282 /* String.swift */; };
		5679810F26A43EC2006A5282 /* Array.swift in Sources */ = {isa = PBXBuildFile; fileRef = 5679810E26A43EC2006A5282 /* Array.swift */; };
		5679811626A48703006A5282 /* RecipeItemViewModel.swift in Sources */ = {isa = PBXBuildFile; fileRef = 5679811526A48703006A5282 /* RecipeItemViewModel.swift */; };
		5679811926A487E0006A5282 /* MissingIngredientsViewModel.swift in Sources */ = {isa = PBXBuildFile; fileRef = 5679811826A487E0006A5282 /* MissingIngredientsViewModel.swift */; };
		5679811B26A489EA006A5282 /* SearchRecipesView.swift in Sources */ = {isa = PBXBuildFile; fileRef = 5679811A26A489EA006A5282 /* SearchRecipesView.swift */; };
		5679811D26A48C01006A5282 /* RecipeItemView.swift in Sources */ = {isa = PBXBuildFile; fileRef = 5679811C26A48C01006A5282 /* RecipeItemView.swift */; };
		56809D3C26FB9A9100B5B654 /* StoredRecipesViewModel.swift in Sources */ = {isa = PBXBuildFile; fileRef = 56809D3B26FB9A9100B5B654 /* StoredRecipesViewModel.swift */; };
		56809D3E26FB9ABD00B5B654 /* StoredRecipesView.swift in Sources */ = {isa = PBXBuildFile; fileRef = 56809D3D26FB9ABD00B5B654 /* StoredRecipesView.swift */; };
		56809D4026FB9E1000B5B654 /* StoredRecipesCoordinator.swift in Sources */ = {isa = PBXBuildFile; fileRef = 56809D3F26FB9E1000B5B654 /* StoredRecipesCoordinator.swift */; };
		569482FE27009AFF0078EEC1 /* FullScreenEmptyView.swift in Sources */ = {isa = PBXBuildFile; fileRef = 569482FD27009AFF0078EEC1 /* FullScreenEmptyView.swift */; };
		569483002700AFDE0078EEC1 /* UIApplication.swift in Sources */ = {isa = PBXBuildFile; fileRef = 569482FF2700AFDE0078EEC1 /* UIApplication.swift */; };
		56B6240726DB60F1004D9DBF /* AnalyzedInstructionResponse.swift in Sources */ = {isa = PBXBuildFile; fileRef = 56B6240626DB60F1004D9DBF /* AnalyzedInstructionResponse.swift */; };
		56B6240926DB619E004D9DBF /* StepResponse.swift in Sources */ = {isa = PBXBuildFile; fileRef = 56B6240826DB619E004D9DBF /* StepResponse.swift */; };
		56B6240B26DB6283004D9DBF /* StepIngredientResponse.swift in Sources */ = {isa = PBXBuildFile; fileRef = 56B6240A26DB6283004D9DBF /* StepIngredientResponse.swift */; };
		56B6240D26DB92BE004D9DBF /* WholeScreenImage.swift in Sources */ = {isa = PBXBuildFile; fileRef = 56B6240C26DB92BE004D9DBF /* WholeScreenImage.swift */; };
		56B6240F26DB95F1004D9DBF /* CheckmarkOrXView.swift in Sources */ = {isa = PBXBuildFile; fileRef = 56B6240E26DB95F1004D9DBF /* CheckmarkOrXView.swift */; };
		56B6241326DBA52C004D9DBF /* RecipeStepViewModel.swift in Sources */ = {isa = PBXBuildFile; fileRef = 56B6241226DBA52C004D9DBF /* RecipeStepViewModel.swift */; };
		56B6241526DBA6B1004D9DBF /* RecipeStepView.swift in Sources */ = {isa = PBXBuildFile; fileRef = 56B6241426DBA6B1004D9DBF /* RecipeStepView.swift */; };
		56B6241826DBAFA6004D9DBF /* ExtendedIngredientViewModel.swift in Sources */ = {isa = PBXBuildFile; fileRef = 56B6241726DBAFA6004D9DBF /* ExtendedIngredientViewModel.swift */; };
		56B6241A26DBB160004D9DBF /* ExtendedIngredientView.swift in Sources */ = {isa = PBXBuildFile; fileRef = 56B6241926DBB160004D9DBF /* ExtendedIngredientView.swift */; };
		56B6241C26DBB1F7004D9DBF /* SmallCircularImageIcon.swift in Sources */ = {isa = PBXBuildFile; fileRef = 56B6241B26DBB1F7004D9DBF /* SmallCircularImageIcon.swift */; };
		56BBBDCE26A2F46D00079AE9 /* Config.swift in Sources */ = {isa = PBXBuildFile; fileRef = 56BBBDCD26A2F46D00079AE9 /* Config.swift */; };
		56BBBDD026A2F53100079AE9 /* Parsing.swift in Sources */ = {isa = PBXBuildFile; fileRef = 56BBBDCF26A2F53100079AE9 /* Parsing.swift */; };
		56BBBDD226A2F58C00079AE9 /* ErrorResponse.swift in Sources */ = {isa = PBXBuildFile; fileRef = 56BBBDD126A2F58C00079AE9 /* ErrorResponse.swift */; };
		56C45A7726D964E50095E438 /* RecipeDetailsResponse.swift in Sources */ = {isa = PBXBuildFile; fileRef = 56C45A7626D964E50095E438 /* RecipeDetailsResponse.swift */; };
		56C45A7A26D967500095E438 /* ExtendedIngredientResponse.swift in Sources */ = {isa = PBXBuildFile; fileRef = 56C45A7926D967500095E438 /* ExtendedIngredientResponse.swift */; };
		56C45A7D26D968C90095E438 /* MeasureResponse.swift in Sources */ = {isa = PBXBuildFile; fileRef = 56C45A7C26D968C90095E438 /* MeasureResponse.swift */; };
		56C45A8026D969D60095E438 /* ExtendedIngredientMeasuresResponse.swift in Sources */ = {isa = PBXBuildFile; fileRef = 56C45A7F26D969D60095E438 /* ExtendedIngredientMeasuresResponse.swift */; };
		56C45A8326D96AEC0095E438 /* WinePairingResponse.swift in Sources */ = {isa = PBXBuildFile; fileRef = 56C45A8226D96AEC0095E438 /* WinePairingResponse.swift */; };
		56C45A8626D96B570095E438 /* MatchedProductResponse.swift in Sources */ = {isa = PBXBuildFile; fileRef = 56C45A8526D96B570095E438 /* MatchedProductResponse.swift */; };
		56C45A8826D96E7F0095E438 /* RecipeDetailsRequest.swift in Sources */ = {isa = PBXBuildFile; fileRef = 56C45A8726D96E7F0095E438 /* RecipeDetailsRequest.swift */; };
		56C45A8B26D972410095E438 /* RecipeDetailsService.swift in Sources */ = {isa = PBXBuildFile; fileRef = 56C45A8A26D972410095E438 /* RecipeDetailsService.swift */; };
		56C45A8D26D9739B0095E438 /* RecipeDetailsViewModel.swift in Sources */ = {isa = PBXBuildFile; fileRef = 56C45A8C26D9739B0095E438 /* RecipeDetailsViewModel.swift */; };
		56E2661026DA6B00000D0556 /* BaseCoordinator.swift in Sources */ = {isa = PBXBuildFile; fileRef = 56E2660F26DA6B00000D0556 /* BaseCoordinator.swift */; };
		56E2661326DA6DCF000D0556 /* BaseNavigationController.swift in Sources */ = {isa = PBXBuildFile; fileRef = 56E2661226DA6DCF000D0556 /* BaseNavigationController.swift */; };
		56E2661526DA6E56000D0556 /* View.swift in Sources */ = {isa = PBXBuildFile; fileRef = 56E2661426DA6E56000D0556 /* View.swift */; };
		56E2661926DA6F24000D0556 /* BaseHostingController.swift in Sources */ = {isa = PBXBuildFile; fileRef = 56E2661826DA6F24000D0556 /* BaseHostingController.swift */; };
		56E2661B26DA7859000D0556 /* SearchRecipesCoordinator.swift in Sources */ = {isa = PBXBuildFile; fileRef = 56E2661A26DA7859000D0556 /* SearchRecipesCoordinator.swift */; };
		56E2661D26DA7A26000D0556 /* RecipeDetailsView.swift in Sources */ = {isa = PBXBuildFile; fileRef = 56E2661C26DA7A26000D0556 /* RecipeDetailsView.swift */; };
		56E2661F26DA7A95000D0556 /* RootCoordinator.swift in Sources */ = {isa = PBXBuildFile; fileRef = 56E2661E26DA7A95000D0556 /* RootCoordinator.swift */; };
		56E2662126DA7F62000D0556 /* AppDelegate.swift in Sources */ = {isa = PBXBuildFile; fileRef = 56E2662026DA7F62000D0556 /* AppDelegate.swift */; };
		56E2662326DA7FB6000D0556 /* SceneDelegate.swift in Sources */ = {isa = PBXBuildFile; fileRef = 56E2662226DA7FB6000D0556 /* SceneDelegate.swift */; };
		56EAE8C426AB313300AFC674 /* Ingredient.swift in Sources */ = {isa = PBXBuildFile; fileRef = 56EAE8C326AB313300AFC674 /* Ingredient.swift */; };
		56EAE8CA26AB34E500AFC674 /* ImageViewModel.swift in Sources */ = {isa = PBXBuildFile; fileRef = 56EAE8C926AB34E500AFC674 /* ImageViewModel.swift */; };
		56EAE8CC26AB350200AFC674 /* CircularImageIcon.swift in Sources */ = {isa = PBXBuildFile; fileRef = 56EAE8CB26AB350200AFC674 /* CircularImageIcon.swift */; };
		56EAE8CF26AB5B3C00AFC674 /* IgredientsAPIResponse.swift in Sources */ = {isa = PBXBuildFile; fileRef = 56EAE8CE26AB5B3C00AFC674 /* IgredientsAPIResponse.swift */; };
/* End PBXBuildFile section */

/* Begin PBXContainerItemProxy section */
		564758F9269F4B62009C287A /* PBXContainerItemProxy */ = {
			isa = PBXContainerItemProxy;
			containerPortal = 564758DF269F4B61009C287A /* Project object */;
			proxyType = 1;
			remoteGlobalIDString = 564758E6269F4B62009C287A;
			remoteInfo = RecipeFinder;
		};
		56475904269F4B62009C287A /* PBXContainerItemProxy */ = {
			isa = PBXContainerItemProxy;
			containerPortal = 564758DF269F4B61009C287A /* Project object */;
			proxyType = 1;
			remoteGlobalIDString = 564758E6269F4B62009C287A;
			remoteInfo = RecipeFinder;
		};
/* End PBXContainerItemProxy section */

/* Begin PBXFileReference section */
		564758E7269F4B62009C287A /* RecipeFinder.app */ = {isa = PBXFileReference; explicitFileType = wrapper.application; includeInIndex = 0; path = RecipeFinder.app; sourceTree = BUILT_PRODUCTS_DIR; };
		564758EA269F4B62009C287A /* RecipeFinderApp.swift */ = {isa = PBXFileReference; lastKnownFileType = sourcecode.swift; path = RecipeFinderApp.swift; sourceTree = "<group>"; };
		564758EC269F4B62009C287A /* ContentView.swift */ = {isa = PBXFileReference; lastKnownFileType = sourcecode.swift; path = ContentView.swift; sourceTree = "<group>"; };
		564758EE269F4B62009C287A /* Assets.xcassets */ = {isa = PBXFileReference; lastKnownFileType = folder.assetcatalog; path = Assets.xcassets; sourceTree = "<group>"; };
		564758F1269F4B62009C287A /* Preview Assets.xcassets */ = {isa = PBXFileReference; lastKnownFileType = folder.assetcatalog; path = "Preview Assets.xcassets"; sourceTree = "<group>"; };
		564758F3269F4B62009C287A /* Info.plist */ = {isa = PBXFileReference; lastKnownFileType = text.plist.xml; path = Info.plist; sourceTree = "<group>"; };
		564758F8269F4B62009C287A /* RecipeFinderTests.xctest */ = {isa = PBXFileReference; explicitFileType = wrapper.cfbundle; includeInIndex = 0; path = RecipeFinderTests.xctest; sourceTree = BUILT_PRODUCTS_DIR; };
		564758FC269F4B62009C287A /* RecipeFinderTests.swift */ = {isa = PBXFileReference; lastKnownFileType = sourcecode.swift; path = RecipeFinderTests.swift; sourceTree = "<group>"; };
		564758FE269F4B62009C287A /* Info.plist */ = {isa = PBXFileReference; lastKnownFileType = text.plist.xml; path = Info.plist; sourceTree = "<group>"; };
		56475903269F4B62009C287A /* RecipeFinderUITests.xctest */ = {isa = PBXFileReference; explicitFileType = wrapper.cfbundle; includeInIndex = 0; path = RecipeFinderUITests.xctest; sourceTree = BUILT_PRODUCTS_DIR; };
		56475907269F4B62009C287A /* RecipeFinderUITests.swift */ = {isa = PBXFileReference; lastKnownFileType = sourcecode.swift; path = RecipeFinderUITests.swift; sourceTree = "<group>"; };
		56475909269F4B62009C287A /* Info.plist */ = {isa = PBXFileReference; lastKnownFileType = text.plist.xml; path = Info.plist; sourceTree = "<group>"; };
		5661025D2700897A004A23C2 /* FullScreenErrorView.swift */ = {isa = PBXFileReference; lastKnownFileType = sourcecode.swift; path = FullScreenErrorView.swift; sourceTree = "<group>"; };
		5663F5D026E8D30A0059D6A6 /* StoredRecipe.swift */ = {isa = PBXFileReference; lastKnownFileType = sourcecode.swift; path = StoredRecipe.swift; sourceTree = "<group>"; };
		5663F5D726E8DD2E0059D6A6 /* RecipesStoreManager.swift */ = {isa = PBXFileReference; lastKnownFileType = sourcecode.swift; path = RecipesStoreManager.swift; sourceTree = "<group>"; };
		5663F5D926E8DE360059D6A6 /* RecipesStore.swift */ = {isa = PBXFileReference; lastKnownFileType = sourcecode.swift; path = RecipesStore.swift; sourceTree = "<group>"; };
		567980F726A41190006A5282 /* RecipesByIngredientsAPIRequest.swift */ = {isa = PBXFileReference; lastKnownFileType = sourcecode.swift; path = RecipesByIngredientsAPIRequest.swift; sourceTree = "<group>"; };
		567980FD26A4135B006A5282 /* RecipeByIngredientsAPIResponse.swift */ = {isa = PBXFileReference; lastKnownFileType = sourcecode.swift; path = RecipeByIngredientsAPIResponse.swift; sourceTree = "<group>"; };
		567980FF26A4189D006A5282 /* BaseRequestProtocol.swift */ = {isa = PBXFileReference; lastKnownFileType = sourcecode.swift; path = BaseRequestProtocol.swift; sourceTree = "<group>"; };
		5679810126A43965006A5282 /* APIClient.swift */ = {isa = PBXFileReference; lastKnownFileType = sourcecode.swift; path = APIClient.swift; sourceTree = "<group>"; };
		5679810426A43C5A006A5282 /* SearchRecipesService.swift */ = {isa = PBXFileReference; lastKnownFileType = sourcecode.swift; path = SearchRecipesService.swift; sourceTree = "<group>"; };
		5679810726A43D5E006A5282 /* State.swift */ = {isa = PBXFileReference; lastKnownFileType = sourcecode.swift; path = State.swift; sourceTree = "<group>"; };
		5679810926A43DDD006A5282 /* SearchRecipesViewModel.swift */ = {isa = PBXFileReference; lastKnownFileType = sourcecode.swift; path = SearchRecipesViewModel.swift; sourceTree = "<group>"; };
		5679810C26A43E83006A5282 /* String.swift */ = {isa = PBXFileReference; lastKnownFileType = sourcecode.swift; path = String.swift; sourceTree = "<group>"; };
		5679810E26A43EC2006A5282 /* Array.swift */ = {isa = PBXFileReference; lastKnownFileType = sourcecode.swift; path = Array.swift; sourceTree = "<group>"; };
		5679811526A48703006A5282 /* RecipeItemViewModel.swift */ = {isa = PBXFileReference; lastKnownFileType = sourcecode.swift; path = RecipeItemViewModel.swift; sourceTree = "<group>"; };
		5679811826A487E0006A5282 /* MissingIngredientsViewModel.swift */ = {isa = PBXFileReference; lastKnownFileType = sourcecode.swift; path = MissingIngredientsViewModel.swift; sourceTree = "<group>"; };
		5679811A26A489EA006A5282 /* SearchRecipesView.swift */ = {isa = PBXFileReference; lastKnownFileType = sourcecode.swift; path = SearchRecipesView.swift; sourceTree = "<group>"; };
		5679811C26A48C01006A5282 /* RecipeItemView.swift */ = {isa = PBXFileReference; lastKnownFileType = sourcecode.swift; path = RecipeItemView.swift; sourceTree = "<group>"; };
		56809D3B26FB9A9100B5B654 /* StoredRecipesViewModel.swift */ = {isa = PBXFileReference; lastKnownFileType = sourcecode.swift; path = StoredRecipesViewModel.swift; sourceTree = "<group>"; };
		56809D3D26FB9ABD00B5B654 /* StoredRecipesView.swift */ = {isa = PBXFileReference; lastKnownFileType = sourcecode.swift; path = StoredRecipesView.swift; sourceTree = "<group>"; };
		56809D3F26FB9E1000B5B654 /* StoredRecipesCoordinator.swift */ = {isa = PBXFileReference; lastKnownFileType = sourcecode.swift; path = StoredRecipesCoordinator.swift; sourceTree = "<group>"; };
		569482FD27009AFF0078EEC1 /* FullScreenEmptyView.swift */ = {isa = PBXFileReference; lastKnownFileType = sourcecode.swift; path = FullScreenEmptyView.swift; sourceTree = "<group>"; };
		569482FF2700AFDE0078EEC1 /* UIApplication.swift */ = {isa = PBXFileReference; lastKnownFileType = sourcecode.swift; path = UIApplication.swift; sourceTree = "<group>"; };
		56B6240626DB60F1004D9DBF /* AnalyzedInstructionResponse.swift */ = {isa = PBXFileReference; lastKnownFileType = sourcecode.swift; path = AnalyzedInstructionResponse.swift; sourceTree = "<group>"; };
		56B6240826DB619E004D9DBF /* StepResponse.swift */ = {isa = PBXFileReference; lastKnownFileType = sourcecode.swift; path = StepResponse.swift; sourceTree = "<group>"; };
		56B6240A26DB6283004D9DBF /* StepIngredientResponse.swift */ = {isa = PBXFileReference; lastKnownFileType = sourcecode.swift; path = StepIngredientResponse.swift; sourceTree = "<group>"; };
		56B6240C26DB92BE004D9DBF /* WholeScreenImage.swift */ = {isa = PBXFileReference; lastKnownFileType = sourcecode.swift; path = WholeScreenImage.swift; sourceTree = "<group>"; };
		56B6240E26DB95F1004D9DBF /* CheckmarkOrXView.swift */ = {isa = PBXFileReference; lastKnownFileType = sourcecode.swift; path = CheckmarkOrXView.swift; sourceTree = "<group>"; };
		56B6241226DBA52C004D9DBF /* RecipeStepViewModel.swift */ = {isa = PBXFileReference; lastKnownFileType = sourcecode.swift; path = RecipeStepViewModel.swift; sourceTree = "<group>"; };
		56B6241426DBA6B1004D9DBF /* RecipeStepView.swift */ = {isa = PBXFileReference; lastKnownFileType = sourcecode.swift; path = RecipeStepView.swift; sourceTree = "<group>"; };
		56B6241726DBAFA6004D9DBF /* ExtendedIngredientViewModel.swift */ = {isa = PBXFileReference; lastKnownFileType = sourcecode.swift; path = ExtendedIngredientViewModel.swift; sourceTree = "<group>"; };
		56B6241926DBB160004D9DBF /* ExtendedIngredientView.swift */ = {isa = PBXFileReference; lastKnownFileType = sourcecode.swift; path = ExtendedIngredientView.swift; sourceTree = "<group>"; };
		56B6241B26DBB1F7004D9DBF /* SmallCircularImageIcon.swift */ = {isa = PBXFileReference; lastKnownFileType = sourcecode.swift; path = SmallCircularImageIcon.swift; sourceTree = "<group>"; };
		56BBBDCD26A2F46D00079AE9 /* Config.swift */ = {isa = PBXFileReference; lastKnownFileType = sourcecode.swift; path = Config.swift; sourceTree = "<group>"; };
		56BBBDCF26A2F53100079AE9 /* Parsing.swift */ = {isa = PBXFileReference; lastKnownFileType = sourcecode.swift; path = Parsing.swift; sourceTree = "<group>"; };
		56BBBDD126A2F58C00079AE9 /* ErrorResponse.swift */ = {isa = PBXFileReference; lastKnownFileType = sourcecode.swift; path = ErrorResponse.swift; sourceTree = "<group>"; };
		56C45A7626D964E50095E438 /* RecipeDetailsResponse.swift */ = {isa = PBXFileReference; lastKnownFileType = sourcecode.swift; path = RecipeDetailsResponse.swift; sourceTree = "<group>"; };
		56C45A7926D967500095E438 /* ExtendedIngredientResponse.swift */ = {isa = PBXFileReference; lastKnownFileType = sourcecode.swift; path = ExtendedIngredientResponse.swift; sourceTree = "<group>"; };
		56C45A7C26D968C90095E438 /* MeasureResponse.swift */ = {isa = PBXFileReference; lastKnownFileType = sourcecode.swift; path = MeasureResponse.swift; sourceTree = "<group>"; };
		56C45A7F26D969D60095E438 /* ExtendedIngredientMeasuresResponse.swift */ = {isa = PBXFileReference; lastKnownFileType = sourcecode.swift; path = ExtendedIngredientMeasuresResponse.swift; sourceTree = "<group>"; };
		56C45A8226D96AEC0095E438 /* WinePairingResponse.swift */ = {isa = PBXFileReference; lastKnownFileType = sourcecode.swift; path = WinePairingResponse.swift; sourceTree = "<group>"; };
		56C45A8526D96B570095E438 /* MatchedProductResponse.swift */ = {isa = PBXFileReference; lastKnownFileType = sourcecode.swift; path = MatchedProductResponse.swift; sourceTree = "<group>"; };
		56C45A8726D96E7F0095E438 /* RecipeDetailsRequest.swift */ = {isa = PBXFileReference; lastKnownFileType = sourcecode.swift; path = RecipeDetailsRequest.swift; sourceTree = "<group>"; };
		56C45A8A26D972410095E438 /* RecipeDetailsService.swift */ = {isa = PBXFileReference; lastKnownFileType = sourcecode.swift; path = RecipeDetailsService.swift; sourceTree = "<group>"; };
		56C45A8C26D9739B0095E438 /* RecipeDetailsViewModel.swift */ = {isa = PBXFileReference; lastKnownFileType = sourcecode.swift; path = RecipeDetailsViewModel.swift; sourceTree = "<group>"; };
		56E2660F26DA6B00000D0556 /* BaseCoordinator.swift */ = {isa = PBXFileReference; lastKnownFileType = sourcecode.swift; path = BaseCoordinator.swift; sourceTree = "<group>"; };
		56E2661226DA6DCF000D0556 /* BaseNavigationController.swift */ = {isa = PBXFileReference; lastKnownFileType = sourcecode.swift; path = BaseNavigationController.swift; sourceTree = "<group>"; };
		56E2661426DA6E56000D0556 /* View.swift */ = {isa = PBXFileReference; lastKnownFileType = sourcecode.swift; path = View.swift; sourceTree = "<group>"; };
		56E2661826DA6F24000D0556 /* BaseHostingController.swift */ = {isa = PBXFileReference; lastKnownFileType = sourcecode.swift; path = BaseHostingController.swift; sourceTree = "<group>"; };
		56E2661A26DA7859000D0556 /* SearchRecipesCoordinator.swift */ = {isa = PBXFileReference; lastKnownFileType = sourcecode.swift; path = SearchRecipesCoordinator.swift; sourceTree = "<group>"; };
		56E2661C26DA7A26000D0556 /* RecipeDetailsView.swift */ = {isa = PBXFileReference; lastKnownFileType = sourcecode.swift; path = RecipeDetailsView.swift; sourceTree = "<group>"; };
		56E2661E26DA7A95000D0556 /* RootCoordinator.swift */ = {isa = PBXFileReference; lastKnownFileType = sourcecode.swift; path = RootCoordinator.swift; sourceTree = "<group>"; };
		56E2662026DA7F62000D0556 /* AppDelegate.swift */ = {isa = PBXFileReference; lastKnownFileType = sourcecode.swift; path = AppDelegate.swift; sourceTree = "<group>"; };
		56E2662226DA7FB6000D0556 /* SceneDelegate.swift */ = {isa = PBXFileReference; lastKnownFileType = sourcecode.swift; path = SceneDelegate.swift; sourceTree = "<group>"; };
		56EAE8C326AB313300AFC674 /* Ingredient.swift */ = {isa = PBXFileReference; lastKnownFileType = sourcecode.swift; path = Ingredient.swift; sourceTree = "<group>"; };
		56EAE8C926AB34E500AFC674 /* ImageViewModel.swift */ = {isa = PBXFileReference; lastKnownFileType = sourcecode.swift; path = ImageViewModel.swift; sourceTree = "<group>"; };
		56EAE8CB26AB350200AFC674 /* CircularImageIcon.swift */ = {isa = PBXFileReference; lastKnownFileType = sourcecode.swift; path = CircularImageIcon.swift; sourceTree = "<group>"; };
		56EAE8CE26AB5B3C00AFC674 /* IgredientsAPIResponse.swift */ = {isa = PBXFileReference; lastKnownFileType = sourcecode.swift; path = IgredientsAPIResponse.swift; sourceTree = "<group>"; };
/* End PBXFileReference section */

/* Begin PBXFrameworksBuildPhase section */
		564758E4269F4B62009C287A /* Frameworks */ = {
			isa = PBXFrameworksBuildPhase;
			buildActionMask = 2147483647;
			files = (
			);
			runOnlyForDeploymentPostprocessing = 0;
		};
		564758F5269F4B62009C287A /* Frameworks */ = {
			isa = PBXFrameworksBuildPhase;
			buildActionMask = 2147483647;
			files = (
			);
			runOnlyForDeploymentPostprocessing = 0;
		};
		56475900269F4B62009C287A /* Frameworks */ = {
			isa = PBXFrameworksBuildPhase;
			buildActionMask = 2147483647;
			files = (
			);
			runOnlyForDeploymentPostprocessing = 0;
		};
/* End PBXFrameworksBuildPhase section */

/* Begin PBXGroup section */
		564758DE269F4B61009C287A = {
			isa = PBXGroup;
			children = (
				564758E9269F4B62009C287A /* RecipeFinder */,
				564758FB269F4B62009C287A /* RecipeFinderTests */,
				56475906269F4B62009C287A /* RecipeFinderUITests */,
				564758E8269F4B62009C287A /* Products */,
			);
			sourceTree = "<group>";
		};
		564758E8269F4B62009C287A /* Products */ = {
			isa = PBXGroup;
			children = (
				564758E7269F4B62009C287A /* RecipeFinder.app */,
				564758F8269F4B62009C287A /* RecipeFinderTests.xctest */,
				56475903269F4B62009C287A /* RecipeFinderUITests.xctest */,
			);
			name = Products;
			sourceTree = "<group>";
		};
		564758E9269F4B62009C287A /* RecipeFinder */ = {
			isa = PBXGroup;
			children = (
				56809D3A26FB9A7F00B5B654 /* StoredRecipes */,
				5663F5D426E8DCF30059D6A6 /* UserDefaults */,
				56E2661626DA6EFE000D0556 /* HostingControllers */,
				56E2661126DA6DB9000D0556 /* NavigationControllers */,
				56E2660E26DA6AEE000D0556 /* Coordinators */,
				56C45A8926D9722E0095E438 /* RecipeDetails */,
				56EAE8C726AB34AD00AFC674 /* HelperViews */,
				5679811426A486EE006A5282 /* RecipeItem */,
				5679810B26A43E76006A5282 /* Extenstions */,
				5679810626A43D52006A5282 /* Utils */,
				5679810326A43C0B006A5282 /* SearchRecipes */,
				56BBBDCC26A2F45B00079AE9 /* API */,
				564758EA269F4B62009C287A /* RecipeFinderApp.swift */,
				564758EC269F4B62009C287A /* ContentView.swift */,
				564758EE269F4B62009C287A /* Assets.xcassets */,
				564758F3269F4B62009C287A /* Info.plist */,
				564758F0269F4B62009C287A /* Preview Content */,
				56E2662026DA7F62000D0556 /* AppDelegate.swift */,
				56E2662226DA7FB6000D0556 /* SceneDelegate.swift */,
			);
			path = RecipeFinder;
			sourceTree = "<group>";
		};
		564758F0269F4B62009C287A /* Preview Content */ = {
			isa = PBXGroup;
			children = (
				564758F1269F4B62009C287A /* Preview Assets.xcassets */,
			);
			path = "Preview Content";
			sourceTree = "<group>";
		};
		564758FB269F4B62009C287A /* RecipeFinderTests */ = {
			isa = PBXGroup;
			children = (
				564758FC269F4B62009C287A /* RecipeFinderTests.swift */,
				564758FE269F4B62009C287A /* Info.plist */,
			);
			path = RecipeFinderTests;
			sourceTree = "<group>";
		};
		56475906269F4B62009C287A /* RecipeFinderUITests */ = {
			isa = PBXGroup;
			children = (
				56475907269F4B62009C287A /* RecipeFinderUITests.swift */,
				56475909269F4B62009C287A /* Info.plist */,
			);
			path = RecipeFinderUITests;
			sourceTree = "<group>";
		};
		5663F5CF26E8D2F10059D6A6 /* StoredRecipe */ = {
			isa = PBXGroup;
			children = (
				5663F5D026E8D30A0059D6A6 /* StoredRecipe.swift */,
			);
			path = StoredRecipe;
			sourceTree = "<group>";
		};
		5663F5D426E8DCF30059D6A6 /* UserDefaults */ = {
			isa = PBXGroup;
			children = (
				5663F5D726E8DD2E0059D6A6 /* RecipesStoreManager.swift */,
				5663F5D926E8DE360059D6A6 /* RecipesStore.swift */,
			);
			path = UserDefaults;
			sourceTree = "<group>";
		};
		567980F626A4112C006A5282 /* Requests */ = {
			isa = PBXGroup;
			children = (
				567980F726A41190006A5282 /* RecipesByIngredientsAPIRequest.swift */,
				567980FF26A4189D006A5282 /* BaseRequestProtocol.swift */,
				56C45A8726D96E7F0095E438 /* RecipeDetailsRequest.swift */,
			);
			path = Requests;
			sourceTree = "<group>";
		};
		567980F926A41307006A5282 /* Responses */ = {
			isa = PBXGroup;
			children = (
				56B6240526DB60D5004D9DBF /* AnalyzedInstruction */,
				56C45A8426D96B480095E438 /* MatchedProduct */,
				56C45A8126D96ADD0095E438 /* WinePairing */,
				56C45A7E26D969780095E438 /* ExtendedIngredientMeasures */,
				56C45A7B26D968B50095E438 /* Measure */,
				56C45A7826D9673D0095E438 /* ExtendedIngredient */,
				56C45A7526D964C30095E438 /* RecipeDetails */,
				56EAE8CD26AB5B2500AFC674 /* Ingredients */,
				567980FA26A4131F006A5282 /* RecipesByIngredients */,
			);
			path = Responses;
			sourceTree = "<group>";
		};
		567980FA26A4131F006A5282 /* RecipesByIngredients */ = {
			isa = PBXGroup;
			children = (
				567980FD26A4135B006A5282 /* RecipeByIngredientsAPIResponse.swift */,
			);
			path = RecipesByIngredients;
			sourceTree = "<group>";
		};
		5679810326A43C0B006A5282 /* SearchRecipes */ = {
			isa = PBXGroup;
			children = (
				5679810426A43C5A006A5282 /* SearchRecipesService.swift */,
				5679810926A43DDD006A5282 /* SearchRecipesViewModel.swift */,
				5679811A26A489EA006A5282 /* SearchRecipesView.swift */,
			);
			path = SearchRecipes;
			sourceTree = "<group>";
		};
		5679810626A43D52006A5282 /* Utils */ = {
			isa = PBXGroup;
			children = (
				5679810726A43D5E006A5282 /* State.swift */,
				5661025D2700897A004A23C2 /* FullScreenErrorView.swift */,
				569482FD27009AFF0078EEC1 /* FullScreenEmptyView.swift */,
			);
			path = Utils;
			sourceTree = "<group>";
		};
		5679810B26A43E76006A5282 /* Extenstions */ = {
			isa = PBXGroup;
			children = (
				5679810C26A43E83006A5282 /* String.swift */,
				5679810E26A43EC2006A5282 /* Array.swift */,
				56E2661426DA6E56000D0556 /* View.swift */,
				569482FF2700AFDE0078EEC1 /* UIApplication.swift */,
			);
			path = Extenstions;
			sourceTree = "<group>";
		};
		5679811426A486EE006A5282 /* RecipeItem */ = {
			isa = PBXGroup;
			children = (
				56EAE8C226AB312600AFC674 /* Ingredient */,
				5679811726A487D1006A5282 /* MissingIngredients */,
				5679811C26A48C01006A5282 /* RecipeItemView.swift */,
				5679811526A48703006A5282 /* RecipeItemViewModel.swift */,
			);
			path = RecipeItem;
			sourceTree = "<group>";
		};
		5679811726A487D1006A5282 /* MissingIngredients */ = {
			isa = PBXGroup;
			children = (
				5679811826A487E0006A5282 /* MissingIngredientsViewModel.swift */,
			);
			path = MissingIngredients;
			sourceTree = "<group>";
		};
		56809D3A26FB9A7F00B5B654 /* StoredRecipes */ = {
			isa = PBXGroup;
			children = (
				5663F5CF26E8D2F10059D6A6 /* StoredRecipe */,
				56809D3B26FB9A9100B5B654 /* StoredRecipesViewModel.swift */,
				56809D3D26FB9ABD00B5B654 /* StoredRecipesView.swift */,
			);
			path = StoredRecipes;
			sourceTree = "<group>";
		};
		56B6240526DB60D5004D9DBF /* AnalyzedInstruction */ = {
			isa = PBXGroup;
			children = (
				56B6240626DB60F1004D9DBF /* AnalyzedInstructionResponse.swift */,
				56B6240826DB619E004D9DBF /* StepResponse.swift */,
				56B6240A26DB6283004D9DBF /* StepIngredientResponse.swift */,
			);
			path = AnalyzedInstruction;
			sourceTree = "<group>";
		};
		56B6241126DBA501004D9DBF /* RecipeStep */ = {
			isa = PBXGroup;
			children = (
				56B6241226DBA52C004D9DBF /* RecipeStepViewModel.swift */,
				56B6241426DBA6B1004D9DBF /* RecipeStepView.swift */,
			);
			path = RecipeStep;
			sourceTree = "<group>";
		};
		56B6241626DBAF8B004D9DBF /* ExtendedIngredient */ = {
			isa = PBXGroup;
			children = (
				56B6241726DBAFA6004D9DBF /* ExtendedIngredientViewModel.swift */,
				56B6241926DBB160004D9DBF /* ExtendedIngredientView.swift */,
			);
			path = ExtendedIngredient;
			sourceTree = "<group>";
		};
		56BBBDCC26A2F45B00079AE9 /* API */ = {
			isa = PBXGroup;
			children = (
				567980F926A41307006A5282 /* Responses */,
				567980F626A4112C006A5282 /* Requests */,
				56BBBDCD26A2F46D00079AE9 /* Config.swift */,
				56BBBDCF26A2F53100079AE9 /* Parsing.swift */,
				56BBBDD126A2F58C00079AE9 /* ErrorResponse.swift */,
				5679810126A43965006A5282 /* APIClient.swift */,
			);
			path = API;
			sourceTree = "<group>";
		};
		56C45A7526D964C30095E438 /* RecipeDetails */ = {
			isa = PBXGroup;
			children = (
				56C45A7626D964E50095E438 /* RecipeDetailsResponse.swift */,
			);
			path = RecipeDetails;
			sourceTree = "<group>";
		};
		56C45A7826D9673D0095E438 /* ExtendedIngredient */ = {
			isa = PBXGroup;
			children = (
				56C45A7926D967500095E438 /* ExtendedIngredientResponse.swift */,
			);
			path = ExtendedIngredient;
			sourceTree = "<group>";
		};
		56C45A7B26D968B50095E438 /* Measure */ = {
			isa = PBXGroup;
			children = (
				56C45A7C26D968C90095E438 /* MeasureResponse.swift */,
			);
			path = Measure;
			sourceTree = "<group>";
		};
		56C45A7E26D969780095E438 /* ExtendedIngredientMeasures */ = {
			isa = PBXGroup;
			children = (
				56C45A7F26D969D60095E438 /* ExtendedIngredientMeasuresResponse.swift */,
			);
			path = ExtendedIngredientMeasures;
			sourceTree = "<group>";
		};
		56C45A8126D96ADD0095E438 /* WinePairing */ = {
			isa = PBXGroup;
			children = (
				56C45A8226D96AEC0095E438 /* WinePairingResponse.swift */,
			);
			path = WinePairing;
			sourceTree = "<group>";
		};
		56C45A8426D96B480095E438 /* MatchedProduct */ = {
			isa = PBXGroup;
			children = (
				56C45A8526D96B570095E438 /* MatchedProductResponse.swift */,
			);
			path = MatchedProduct;
			sourceTree = "<group>";
		};
		56C45A8926D9722E0095E438 /* RecipeDetails */ = {
			isa = PBXGroup;
			children = (
				56B6241626DBAF8B004D9DBF /* ExtendedIngredient */,
				56B6241126DBA501004D9DBF /* RecipeStep */,
				56C45A8A26D972410095E438 /* RecipeDetailsService.swift */,
				56C45A8C26D9739B0095E438 /* RecipeDetailsViewModel.swift */,
				56E2661C26DA7A26000D0556 /* RecipeDetailsView.swift */,
			);
			path = RecipeDetails;
			sourceTree = "<group>";
		};
		56E2660E26DA6AEE000D0556 /* Coordinators */ = {
			isa = PBXGroup;
			children = (
				56809D3F26FB9E1000B5B654 /* StoredRecipesCoordinator.swift */,
				56E2660F26DA6B00000D0556 /* BaseCoordinator.swift */,
				56E2661A26DA7859000D0556 /* SearchRecipesCoordinator.swift */,
				56E2661E26DA7A95000D0556 /* RootCoordinator.swift */,
			);
			path = Coordinators;
			sourceTree = "<group>";
		};
		56E2661126DA6DB9000D0556 /* NavigationControllers */ = {
			isa = PBXGroup;
			children = (
				56E2661226DA6DCF000D0556 /* BaseNavigationController.swift */,
			);
			path = NavigationControllers;
			sourceTree = "<group>";
		};
		56E2661626DA6EFE000D0556 /* HostingControllers */ = {
			isa = PBXGroup;
			children = (
				56E2661826DA6F24000D0556 /* BaseHostingController.swift */,
			);
			path = HostingControllers;
			sourceTree = "<group>";
		};
		56EAE8C226AB312600AFC674 /* Ingredient */ = {
			isa = PBXGroup;
			children = (
				56EAE8C326AB313300AFC674 /* Ingredient.swift */,
			);
			path = Ingredient;
			sourceTree = "<group>";
		};
		56EAE8C726AB34AD00AFC674 /* HelperViews */ = {
			isa = PBXGroup;
			children = (
				56EAE8C826AB34D500AFC674 /* ImageView */,
				56B6240E26DB95F1004D9DBF /* CheckmarkOrXView.swift */,
			);
			path = HelperViews;
			sourceTree = "<group>";
		};
		56EAE8C826AB34D500AFC674 /* ImageView */ = {
			isa = PBXGroup;
			children = (
				56EAE8C926AB34E500AFC674 /* ImageViewModel.swift */,
				56EAE8CB26AB350200AFC674 /* CircularImageIcon.swift */,
				56B6240C26DB92BE004D9DBF /* WholeScreenImage.swift */,
				56B6241B26DBB1F7004D9DBF /* SmallCircularImageIcon.swift */,
			);
			path = ImageView;
			sourceTree = "<group>";
		};
		56EAE8CD26AB5B2500AFC674 /* Ingredients */ = {
			isa = PBXGroup;
			children = (
				56EAE8CE26AB5B3C00AFC674 /* IgredientsAPIResponse.swift */,
			);
			path = Ingredients;
			sourceTree = "<group>";
		};
/* End PBXGroup section */

/* Begin PBXNativeTarget section */
		564758E6269F4B62009C287A /* RecipeFinder */ = {
			isa = PBXNativeTarget;
			buildConfigurationList = 5647590C269F4B62009C287A /* Build configuration list for PBXNativeTarget "RecipeFinder" */;
			buildPhases = (
				564758E3269F4B62009C287A /* Sources */,
				564758E4269F4B62009C287A /* Frameworks */,
				564758E5269F4B62009C287A /* Resources */,
			);
			buildRules = (
			);
			dependencies = (
			);
			name = RecipeFinder;
			productName = RecipeFinder;
			productReference = 564758E7269F4B62009C287A /* RecipeFinder.app */;
			productType = "com.apple.product-type.application";
		};
		564758F7269F4B62009C287A /* RecipeFinderTests */ = {
			isa = PBXNativeTarget;
			buildConfigurationList = 5647590F269F4B62009C287A /* Build configuration list for PBXNativeTarget "RecipeFinderTests" */;
			buildPhases = (
				564758F4269F4B62009C287A /* Sources */,
				564758F5269F4B62009C287A /* Frameworks */,
				564758F6269F4B62009C287A /* Resources */,
			);
			buildRules = (
			);
			dependencies = (
				564758FA269F4B62009C287A /* PBXTargetDependency */,
			);
			name = RecipeFinderTests;
			productName = RecipeFinderTests;
			productReference = 564758F8269F4B62009C287A /* RecipeFinderTests.xctest */;
			productType = "com.apple.product-type.bundle.unit-test";
		};
		56475902269F4B62009C287A /* RecipeFinderUITests */ = {
			isa = PBXNativeTarget;
			buildConfigurationList = 56475912269F4B62009C287A /* Build configuration list for PBXNativeTarget "RecipeFinderUITests" */;
			buildPhases = (
				564758FF269F4B62009C287A /* Sources */,
				56475900269F4B62009C287A /* Frameworks */,
				56475901269F4B62009C287A /* Resources */,
			);
			buildRules = (
			);
			dependencies = (
				56475905269F4B62009C287A /* PBXTargetDependency */,
			);
			name = RecipeFinderUITests;
			productName = RecipeFinderUITests;
			productReference = 56475903269F4B62009C287A /* RecipeFinderUITests.xctest */;
			productType = "com.apple.product-type.bundle.ui-testing";
		};
/* End PBXNativeTarget section */

/* Begin PBXProject section */
		564758DF269F4B61009C287A /* Project object */ = {
			isa = PBXProject;
			attributes = {
				LastSwiftUpdateCheck = 1250;
				LastUpgradeCheck = 1250;
				TargetAttributes = {
					564758E6269F4B62009C287A = {
						CreatedOnToolsVersion = 12.5;
					};
					564758F7269F4B62009C287A = {
						CreatedOnToolsVersion = 12.5;
						TestTargetID = 564758E6269F4B62009C287A;
					};
					56475902269F4B62009C287A = {
						CreatedOnToolsVersion = 12.5;
						TestTargetID = 564758E6269F4B62009C287A;
					};
				};
			};
			buildConfigurationList = 564758E2269F4B61009C287A /* Build configuration list for PBXProject "RecipeFinder" */;
			compatibilityVersion = "Xcode 9.3";
			developmentRegion = en;
			hasScannedForEncodings = 0;
			knownRegions = (
				en,
				Base,
			);
			mainGroup = 564758DE269F4B61009C287A;
			productRefGroup = 564758E8269F4B62009C287A /* Products */;
			projectDirPath = "";
			projectRoot = "";
			targets = (
				564758E6269F4B62009C287A /* RecipeFinder */,
				564758F7269F4B62009C287A /* RecipeFinderTests */,
				56475902269F4B62009C287A /* RecipeFinderUITests */,
			);
		};
/* End PBXProject section */

/* Begin PBXResourcesBuildPhase section */
		564758E5269F4B62009C287A /* Resources */ = {
			isa = PBXResourcesBuildPhase;
			buildActionMask = 2147483647;
			files = (
				564758F2269F4B62009C287A /* Preview Assets.xcassets in Resources */,
				564758EF269F4B62009C287A /* Assets.xcassets in Resources */,
			);
			runOnlyForDeploymentPostprocessing = 0;
		};
		564758F6269F4B62009C287A /* Resources */ = {
			isa = PBXResourcesBuildPhase;
			buildActionMask = 2147483647;
			files = (
			);
			runOnlyForDeploymentPostprocessing = 0;
		};
		56475901269F4B62009C287A /* Resources */ = {
			isa = PBXResourcesBuildPhase;
			buildActionMask = 2147483647;
			files = (
			);
			runOnlyForDeploymentPostprocessing = 0;
		};
/* End PBXResourcesBuildPhase section */

/* Begin PBXSourcesBuildPhase section */
		564758E3269F4B62009C287A /* Sources */ = {
			isa = PBXSourcesBuildPhase;
			buildActionMask = 2147483647;
			files = (
				56BBBDD226A2F58C00079AE9 /* ErrorResponse.swift in Sources */,
				56809D4026FB9E1000B5B654 /* StoredRecipesCoordinator.swift in Sources */,
				56C45A7D26D968C90095E438 /* MeasureResponse.swift in Sources */,
				569483002700AFDE0078EEC1 /* UIApplication.swift in Sources */,
				56EAE8CF26AB5B3C00AFC674 /* IgredientsAPIResponse.swift in Sources */,
				56C45A8026D969D60095E438 /* ExtendedIngredientMeasuresResponse.swift in Sources */,
				56B6240926DB619E004D9DBF /* StepResponse.swift in Sources */,
				56809D3C26FB9A9100B5B654 /* StoredRecipesViewModel.swift in Sources */,
				56E2661526DA6E56000D0556 /* View.swift in Sources */,
				56B6240D26DB92BE004D9DBF /* WholeScreenImage.swift in Sources */,
				56B6241C26DBB1F7004D9DBF /* SmallCircularImageIcon.swift in Sources */,
				56C45A7726D964E50095E438 /* RecipeDetailsResponse.swift in Sources */,
				56E2661B26DA7859000D0556 /* SearchRecipesCoordinator.swift in Sources */,
				5679810D26A43E83006A5282 /* String.swift in Sources */,
				56B6240B26DB6283004D9DBF /* StepIngredientResponse.swift in Sources */,
				56C45A8826D96E7F0095E438 /* RecipeDetailsRequest.swift in Sources */,
				56B6241326DBA52C004D9DBF /* RecipeStepViewModel.swift in Sources */,
				56BBBDD026A2F53100079AE9 /* Parsing.swift in Sources */,
				569482FE27009AFF0078EEC1 /* FullScreenEmptyView.swift in Sources */,
				5679810026A4189D006A5282 /* BaseRequestProtocol.swift in Sources */,
				5679810826A43D5E006A5282 /* State.swift in Sources */,
				5679811926A487E0006A5282 /* MissingIngredientsViewModel.swift in Sources */,
				5679810A26A43DDD006A5282 /* SearchRecipesViewModel.swift in Sources */,
				56B6241A26DBB160004D9DBF /* ExtendedIngredientView.swift in Sources */,
				5679811B26A489EA006A5282 /* SearchRecipesView.swift in Sources */,
				56E2662326DA7FB6000D0556 /* SceneDelegate.swift in Sources */,
				5679811626A48703006A5282 /* RecipeItemViewModel.swift in Sources */,
				56C45A8B26D972410095E438 /* RecipeDetailsService.swift in Sources */,
				56E2661026DA6B00000D0556 /* BaseCoordinator.swift in Sources */,
				5663F5D126E8D30A0059D6A6 /* StoredRecipe.swift in Sources */,
				56E2661F26DA7A95000D0556 /* RootCoordinator.swift in Sources */,
				56E2661926DA6F24000D0556 /* BaseHostingController.swift in Sources */,
				56B6240F26DB95F1004D9DBF /* CheckmarkOrXView.swift in Sources */,
				56B6241526DBA6B1004D9DBF /* RecipeStepView.swift in Sources */,
				5679810526A43C5A006A5282 /* SearchRecipesService.swift in Sources */,
				56E2662126DA7F62000D0556 /* AppDelegate.swift in Sources */,
				5663F5D826E8DD2E0059D6A6 /* RecipesStoreManager.swift in Sources */,
				56809D3E26FB9ABD00B5B654 /* StoredRecipesView.swift in Sources */,
				5679811D26A48C01006A5282 /* RecipeItemView.swift in Sources */,
				56C45A7A26D967500095E438 /* ExtendedIngredientResponse.swift in Sources */,
				56EAE8CC26AB350200AFC674 /* CircularImageIcon.swift in Sources */,
				56EAE8C426AB313300AFC674 /* Ingredient.swift in Sources */,
				564758ED269F4B62009C287A /* ContentView.swift in Sources */,
				564758EB269F4B62009C287A /* RecipeFinderApp.swift in Sources */,
				56B6240726DB60F1004D9DBF /* AnalyzedInstructionResponse.swift in Sources */,
				5679810F26A43EC2006A5282 /* Array.swift in Sources */,
				56E2661D26DA7A26000D0556 /* RecipeDetailsView.swift in Sources */,
				5663F5DA26E8DE360059D6A6 /* RecipesStore.swift in Sources */,
				5661025E2700897A004A23C2 /* FullScreenErrorView.swift in Sources */,
				56B6241826DBAFA6004D9DBF /* ExtendedIngredientViewModel.swift in Sources */,
				56C45A8626D96B570095E438 /* MatchedProductResponse.swift in Sources */,
				567980F826A41190006A5282 /* RecipesByIngredientsAPIRequest.swift in Sources */,
				56C45A8326D96AEC0095E438 /* WinePairingResponse.swift in Sources */,
				56BBBDCE26A2F46D00079AE9 /* Config.swift in Sources */,
				567980FE26A4135B006A5282 /* RecipeByIngredientsAPIResponse.swift in Sources */,
				56E2661326DA6DCF000D0556 /* BaseNavigationController.swift in Sources */,
				56EAE8CA26AB34E500AFC674 /* ImageViewModel.swift in Sources */,
				56C45A8D26D9739B0095E438 /* RecipeDetailsViewModel.swift in Sources */,
				5679810226A43965006A5282 /* APIClient.swift in Sources */,
			);
			runOnlyForDeploymentPostprocessing = 0;
		};
		564758F4269F4B62009C287A /* Sources */ = {
			isa = PBXSourcesBuildPhase;
			buildActionMask = 2147483647;
			files = (
				564758FD269F4B62009C287A /* RecipeFinderTests.swift in Sources */,
			);
			runOnlyForDeploymentPostprocessing = 0;
		};
		564758FF269F4B62009C287A /* Sources */ = {
			isa = PBXSourcesBuildPhase;
			buildActionMask = 2147483647;
			files = (
				56475908269F4B62009C287A /* RecipeFinderUITests.swift in Sources */,
			);
			runOnlyForDeploymentPostprocessing = 0;
		};
/* End PBXSourcesBuildPhase section */

/* Begin PBXTargetDependency section */
		564758FA269F4B62009C287A /* PBXTargetDependency */ = {
			isa = PBXTargetDependency;
			target = 564758E6269F4B62009C287A /* RecipeFinder */;
			targetProxy = 564758F9269F4B62009C287A /* PBXContainerItemProxy */;
		};
		56475905269F4B62009C287A /* PBXTargetDependency */ = {
			isa = PBXTargetDependency;
			target = 564758E6269F4B62009C287A /* RecipeFinder */;
			targetProxy = 56475904269F4B62009C287A /* PBXContainerItemProxy */;
		};
/* End PBXTargetDependency section */

/* Begin XCBuildConfiguration section */
		5647590A269F4B62009C287A /* Debug */ = {
			isa = XCBuildConfiguration;
			buildSettings = {
				ALWAYS_SEARCH_USER_PATHS = NO;
				CLANG_ANALYZER_NONNULL = YES;
				CLANG_ANALYZER_NUMBER_OBJECT_CONVERSION = YES_AGGRESSIVE;
				CLANG_CXX_LANGUAGE_STANDARD = "gnu++14";
				CLANG_CXX_LIBRARY = "libc++";
				CLANG_ENABLE_MODULES = YES;
				CLANG_ENABLE_OBJC_ARC = YES;
				CLANG_ENABLE_OBJC_WEAK = YES;
				CLANG_WARN_BLOCK_CAPTURE_AUTORELEASING = YES;
				CLANG_WARN_BOOL_CONVERSION = YES;
				CLANG_WARN_COMMA = YES;
				CLANG_WARN_CONSTANT_CONVERSION = YES;
				CLANG_WARN_DEPRECATED_OBJC_IMPLEMENTATIONS = YES;
				CLANG_WARN_DIRECT_OBJC_ISA_USAGE = YES_ERROR;
				CLANG_WARN_DOCUMENTATION_COMMENTS = YES;
				CLANG_WARN_EMPTY_BODY = YES;
				CLANG_WARN_ENUM_CONVERSION = YES;
				CLANG_WARN_INFINITE_RECURSION = YES;
				CLANG_WARN_INT_CONVERSION = YES;
				CLANG_WARN_NON_LITERAL_NULL_CONVERSION = YES;
				CLANG_WARN_OBJC_IMPLICIT_RETAIN_SELF = YES;
				CLANG_WARN_OBJC_LITERAL_CONVERSION = YES;
				CLANG_WARN_OBJC_ROOT_CLASS = YES_ERROR;
				CLANG_WARN_QUOTED_INCLUDE_IN_FRAMEWORK_HEADER = YES;
				CLANG_WARN_RANGE_LOOP_ANALYSIS = YES;
				CLANG_WARN_STRICT_PROTOTYPES = YES;
				CLANG_WARN_SUSPICIOUS_MOVE = YES;
				CLANG_WARN_UNGUARDED_AVAILABILITY = YES_AGGRESSIVE;
				CLANG_WARN_UNREACHABLE_CODE = YES;
				CLANG_WARN__DUPLICATE_METHOD_MATCH = YES;
				COPY_PHASE_STRIP = NO;
				DEBUG_INFORMATION_FORMAT = dwarf;
				ENABLE_STRICT_OBJC_MSGSEND = YES;
				ENABLE_TESTABILITY = YES;
				GCC_C_LANGUAGE_STANDARD = gnu11;
				GCC_DYNAMIC_NO_PIC = NO;
				GCC_NO_COMMON_BLOCKS = YES;
				GCC_OPTIMIZATION_LEVEL = 0;
				GCC_PREPROCESSOR_DEFINITIONS = (
					"DEBUG=1",
					"$(inherited)",
				);
				GCC_WARN_64_TO_32_BIT_CONVERSION = YES;
				GCC_WARN_ABOUT_RETURN_TYPE = YES_ERROR;
				GCC_WARN_UNDECLARED_SELECTOR = YES;
				GCC_WARN_UNINITIALIZED_AUTOS = YES_AGGRESSIVE;
				GCC_WARN_UNUSED_FUNCTION = YES;
				GCC_WARN_UNUSED_VARIABLE = YES;
				IPHONEOS_DEPLOYMENT_TARGET = 14.5;
				MTL_ENABLE_DEBUG_INFO = INCLUDE_SOURCE;
				MTL_FAST_MATH = YES;
				ONLY_ACTIVE_ARCH = YES;
				SDKROOT = iphoneos;
				SWIFT_ACTIVE_COMPILATION_CONDITIONS = DEBUG;
				SWIFT_OPTIMIZATION_LEVEL = "-Onone";
			};
			name = Debug;
		};
		5647590B269F4B62009C287A /* Release */ = {
			isa = XCBuildConfiguration;
			buildSettings = {
				ALWAYS_SEARCH_USER_PATHS = NO;
				CLANG_ANALYZER_NONNULL = YES;
				CLANG_ANALYZER_NUMBER_OBJECT_CONVERSION = YES_AGGRESSIVE;
				CLANG_CXX_LANGUAGE_STANDARD = "gnu++14";
				CLANG_CXX_LIBRARY = "libc++";
				CLANG_ENABLE_MODULES = YES;
				CLANG_ENABLE_OBJC_ARC = YES;
				CLANG_ENABLE_OBJC_WEAK = YES;
				CLANG_WARN_BLOCK_CAPTURE_AUTORELEASING = YES;
				CLANG_WARN_BOOL_CONVERSION = YES;
				CLANG_WARN_COMMA = YES;
				CLANG_WARN_CONSTANT_CONVERSION = YES;
				CLANG_WARN_DEPRECATED_OBJC_IMPLEMENTATIONS = YES;
				CLANG_WARN_DIRECT_OBJC_ISA_USAGE = YES_ERROR;
				CLANG_WARN_DOCUMENTATION_COMMENTS = YES;
				CLANG_WARN_EMPTY_BODY = YES;
				CLANG_WARN_ENUM_CONVERSION = YES;
				CLANG_WARN_INFINITE_RECURSION = YES;
				CLANG_WARN_INT_CONVERSION = YES;
				CLANG_WARN_NON_LITERAL_NULL_CONVERSION = YES;
				CLANG_WARN_OBJC_IMPLICIT_RETAIN_SELF = YES;
				CLANG_WARN_OBJC_LITERAL_CONVERSION = YES;
				CLANG_WARN_OBJC_ROOT_CLASS = YES_ERROR;
				CLANG_WARN_QUOTED_INCLUDE_IN_FRAMEWORK_HEADER = YES;
				CLANG_WARN_RANGE_LOOP_ANALYSIS = YES;
				CLANG_WARN_STRICT_PROTOTYPES = YES;
				CLANG_WARN_SUSPICIOUS_MOVE = YES;
				CLANG_WARN_UNGUARDED_AVAILABILITY = YES_AGGRESSIVE;
				CLANG_WARN_UNREACHABLE_CODE = YES;
				CLANG_WARN__DUPLICATE_METHOD_MATCH = YES;
				COPY_PHASE_STRIP = NO;
				DEBUG_INFORMATION_FORMAT = "dwarf-with-dsym";
				ENABLE_NS_ASSERTIONS = NO;
				ENABLE_STRICT_OBJC_MSGSEND = YES;
				GCC_C_LANGUAGE_STANDARD = gnu11;
				GCC_NO_COMMON_BLOCKS = YES;
				GCC_WARN_64_TO_32_BIT_CONVERSION = YES;
				GCC_WARN_ABOUT_RETURN_TYPE = YES_ERROR;
				GCC_WARN_UNDECLARED_SELECTOR = YES;
				GCC_WARN_UNINITIALIZED_AUTOS = YES_AGGRESSIVE;
				GCC_WARN_UNUSED_FUNCTION = YES;
				GCC_WARN_UNUSED_VARIABLE = YES;
				IPHONEOS_DEPLOYMENT_TARGET = 14.5;
				MTL_ENABLE_DEBUG_INFO = NO;
				MTL_FAST_MATH = YES;
				SDKROOT = iphoneos;
				SWIFT_COMPILATION_MODE = wholemodule;
				SWIFT_OPTIMIZATION_LEVEL = "-O";
				VALIDATE_PRODUCT = YES;
			};
			name = Release;
		};
		5647590D269F4B62009C287A /* Debug */ = {
			isa = XCBuildConfiguration;
			buildSettings = {
				ASSETCATALOG_COMPILER_APPICON_NAME = AppIcon;
				ASSETCATALOG_COMPILER_GLOBAL_ACCENT_COLOR_NAME = AccentColor;
				CODE_SIGN_STYLE = Automatic;
				DEVELOPMENT_ASSET_PATHS = "\"RecipeFinder/Preview Content\"";
				DEVELOPMENT_TEAM = Z6ZLCF55M6;
				ENABLE_PREVIEWS = YES;
				INFOPLIST_FILE = RecipeFinder/Info.plist;
				IPHONEOS_DEPLOYMENT_TARGET = 14.0;
				LD_RUNPATH_SEARCH_PATHS = (
					"$(inherited)",
					"@executable_path/Frameworks",
				);
				PRODUCT_BUNDLE_IDENTIFIER = ljuben.RecipeFinder;
				PRODUCT_NAME = "$(TARGET_NAME)";
				SWIFT_VERSION = 5.0;
				TARGETED_DEVICE_FAMILY = "1,2";
			};
			name = Debug;
		};
		5647590E269F4B62009C287A /* Release */ = {
			isa = XCBuildConfiguration;
			buildSettings = {
				ASSETCATALOG_COMPILER_APPICON_NAME = AppIcon;
				ASSETCATALOG_COMPILER_GLOBAL_ACCENT_COLOR_NAME = AccentColor;
				CODE_SIGN_STYLE = Automatic;
				DEVELOPMENT_ASSET_PATHS = "\"RecipeFinder/Preview Content\"";
				DEVELOPMENT_TEAM = Z6ZLCF55M6;
				ENABLE_PREVIEWS = YES;
				INFOPLIST_FILE = RecipeFinder/Info.plist;
				IPHONEOS_DEPLOYMENT_TARGET = 14.0;
				LD_RUNPATH_SEARCH_PATHS = (
					"$(inherited)",
					"@executable_path/Frameworks",
				);
				PRODUCT_BUNDLE_IDENTIFIER = ljuben.RecipeFinder;
				PRODUCT_NAME = "$(TARGET_NAME)";
				SWIFT_VERSION = 5.0;
				TARGETED_DEVICE_FAMILY = "1,2";
			};
			name = Release;
		};
		56475910269F4B62009C287A /* Debug */ = {
			isa = XCBuildConfiguration;
			buildSettings = {
				ALWAYS_EMBED_SWIFT_STANDARD_LIBRARIES = YES;
				BUNDLE_LOADER = "$(TEST_HOST)";
				CODE_SIGN_STYLE = Automatic;
				DEVELOPMENT_TEAM = Z6ZLCF55M6;
				INFOPLIST_FILE = RecipeFinderTests/Info.plist;
				IPHONEOS_DEPLOYMENT_TARGET = 14.0;
				LD_RUNPATH_SEARCH_PATHS = (
					"$(inherited)",
					"@executable_path/Frameworks",
					"@loader_path/Frameworks",
				);
				PRODUCT_BUNDLE_IDENTIFIER = ljuben.RecipeFinderTests;
				PRODUCT_NAME = "$(TARGET_NAME)";
				SWIFT_VERSION = 5.0;
				TARGETED_DEVICE_FAMILY = "1,2";
				TEST_HOST = "$(BUILT_PRODUCTS_DIR)/RecipeFinder.app/RecipeFinder";
			};
			name = Debug;
		};
		56475911269F4B62009C287A /* Release */ = {
			isa = XCBuildConfiguration;
			buildSettings = {
				ALWAYS_EMBED_SWIFT_STANDARD_LIBRARIES = YES;
				BUNDLE_LOADER = "$(TEST_HOST)";
				CODE_SIGN_STYLE = Automatic;
				DEVELOPMENT_TEAM = Z6ZLCF55M6;
				INFOPLIST_FILE = RecipeFinderTests/Info.plist;
				IPHONEOS_DEPLOYMENT_TARGET = 14.0;
				LD_RUNPATH_SEARCH_PATHS = (
					"$(inherited)",
					"@executable_path/Frameworks",
					"@loader_path/Frameworks",
				);
				PRODUCT_BUNDLE_IDENTIFIER = ljuben.RecipeFinderTests;
				PRODUCT_NAME = "$(TARGET_NAME)";
				SWIFT_VERSION = 5.0;
				TARGETED_DEVICE_FAMILY = "1,2";
				TEST_HOST = "$(BUILT_PRODUCTS_DIR)/RecipeFinder.app/RecipeFinder";
			};
			name = Release;
		};
		56475913269F4B62009C287A /* Debug */ = {
			isa = XCBuildConfiguration;
			buildSettings = {
				ALWAYS_EMBED_SWIFT_STANDARD_LIBRARIES = YES;
				CODE_SIGN_STYLE = Automatic;
				DEVELOPMENT_TEAM = Z6ZLCF55M6;
				INFOPLIST_FILE = RecipeFinderUITests/Info.plist;
				LD_RUNPATH_SEARCH_PATHS = (
					"$(inherited)",
					"@executable_path/Frameworks",
					"@loader_path/Frameworks",
				);
				PRODUCT_BUNDLE_IDENTIFIER = ljuben.RecipeFinderUITests;
				PRODUCT_NAME = "$(TARGET_NAME)";
				SWIFT_VERSION = 5.0;
				TARGETED_DEVICE_FAMILY = "1,2";
				TEST_TARGET_NAME = RecipeFinder;
			};
			name = Debug;
		};
		56475914269F4B62009C287A /* Release */ = {
			isa = XCBuildConfiguration;
			buildSettings = {
				ALWAYS_EMBED_SWIFT_STANDARD_LIBRARIES = YES;
				CODE_SIGN_STYLE = Automatic;
				DEVELOPMENT_TEAM = Z6ZLCF55M6;
				INFOPLIST_FILE = RecipeFinderUITests/Info.plist;
				LD_RUNPATH_SEARCH_PATHS = (
					"$(inherited)",
					"@executable_path/Frameworks",
					"@loader_path/Frameworks",
				);
				PRODUCT_BUNDLE_IDENTIFIER = ljuben.RecipeFinderUITests;
				PRODUCT_NAME = "$(TARGET_NAME)";
				SWIFT_VERSION = 5.0;
				TARGETED_DEVICE_FAMILY = "1,2";
				TEST_TARGET_NAME = RecipeFinder;
			};
			name = Release;
		};
/* End XCBuildConfiguration section */

/* Begin XCConfigurationList section */
		564758E2269F4B61009C287A /* Build configuration list for PBXProject "RecipeFinder" */ = {
			isa = XCConfigurationList;
			buildConfigurations = (
				5647590A269F4B62009C287A /* Debug */,
				5647590B269F4B62009C287A /* Release */,
			);
			defaultConfigurationIsVisible = 0;
			defaultConfigurationName = Release;
		};
		5647590C269F4B62009C287A /* Build configuration list for PBXNativeTarget "RecipeFinder" */ = {
			isa = XCConfigurationList;
			buildConfigurations = (
				5647590D269F4B62009C287A /* Debug */,
				5647590E269F4B62009C287A /* Release */,
			);
			defaultConfigurationIsVisible = 0;
			defaultConfigurationName = Release;
		};
		5647590F269F4B62009C287A /* Build configuration list for PBXNativeTarget "RecipeFinderTests" */ = {
			isa = XCConfigurationList;
			buildConfigurations = (
				56475910269F4B62009C287A /* Debug */,
				56475911269F4B62009C287A /* Release */,
			);
			defaultConfigurationIsVisible = 0;
			defaultConfigurationName = Release;
		};
		56475912269F4B62009C287A /* Build configuration list for PBXNativeTarget "RecipeFinderUITests" */ = {
			isa = XCConfigurationList;
			buildConfigurations = (
				56475913269F4B62009C287A /* Debug */,
				56475914269F4B62009C287A /* Release */,
			);
			defaultConfigurationIsVisible = 0;
			defaultConfigurationName = Release;
		};
/* End XCConfigurationList section */
	};
	rootObject = 564758DF269F4B61009C287A /* Project object */;
}
